
Microsoft Visual Studio Solution File, Format Version 12.00
# Visual Studio Version 17
VisualStudioVersion = 17.3.32929.385
MinimumVisualStudioVersion = 10.0.40219.1
Project("{FAE04EC0-301F-11D3-BF4B-00C04F79EFBC}") = "ManagementLibrary", "ManagementLibrary\ManagementLibrary.csproj", "{CBEE18C1-6F05-453D-B6E6-DEB4FE1FD155}"
EndProject
Project("{FAE04EC0-301F-11D3-BF4B-00C04F79EFBC}") = "ManagementRazorPage", "ManagementRazorPage\ManagementRazorPage.csproj", "{EF75BFC5-41B6-492B-9E5E-6FA8A7C25C39}"
EndProject
Global
	GlobalSection(SolutionConfigurationPlatforms) = preSolution
		Debug|Any CPU = Debug|Any CPU
		Release|Any CPU = Release|Any CPU
	EndGlobalSection
	GlobalSection(ProjectConfigurationPlatforms) = postSolution
		{CBEE18C1-6F05-453D-B6E6-DEB4FE1FD155}.Debug|Any CPU.ActiveCfg = Debug|Any CPU
		{CBEE18C1-6F05-453D-B6E6-DEB4FE1FD155}.Debug|Any CPU.Build.0 = Debug|Any CPU
		{CBEE18C1-6F05-453D-B6E6-DEB4FE1FD155}.Release|Any CPU.ActiveCfg = Release|Any CPU
		{CBEE18C1-6F05-453D-B6E6-DEB4FE1FD155}.Release|Any CPU.Build.0 = Release|Any CPU
		{EF75BFC5-41B6-492B-9E5E-6FA8A7C25C39}.Debug|Any CPU.ActiveCfg = Debug|Any CPU
		{EF75BFC5-41B6-492B-9E5E-6FA8A7C25C39}.Debug|Any CPU.Build.0 = Debug|Any CPU
		{EF75BFC5-41B6-492B-9E5E-6FA8A7C25C39}.Release|Any CPU.ActiveCfg = Release|Any CPU
		{EF75BFC5-41B6-492B-9E5E-6FA8A7C25C39}.Release|Any CPU.Build.0 = Release|Any CPU
	EndGlobalSection
	GlobalSection(SolutionProperties) = preSolution
		HideSolutionNode = FALSE
	EndGlobalSection
	GlobalSection(ExtensibilityGlobals) = postSolution
		SolutionGuid = {2D818F68-927F-4AA0-8531-B1FBE3637FF2}
	EndGlobalSection
EndGlobal
